FORGE
  remote: https://forgeapi.puppetlabs.com
  specs:
    maestrodev-wget (1.7.3)
    puppet-python (2.2.2)
      puppetlabs-stdlib (< 6.0.0, >= 4.6.0)
      stahnma-epel (< 2.0.0, >= 1.2.2)
    puppetlabs-apt (4.5.1)
      puppetlabs-stdlib (< 5.0.0, >= 4.16.0)
    puppetlabs-stdlib (4.25.1)
    puppetlabs-vcsrepo (1.5.0)
    stahnma-epel (1.3.1)
      puppetlabs-stdlib (>= 3.0.0)

DEPENDENCIES
  maestrodev-wget (~> 1.7)
  puppet-python (= 2.2.2)
  puppetlabs-apt (~> 4.1)
  puppetlabs-stdlib (~> 4.15)
  puppetlabs-vcsrepo (~> 1.5)

